
Microsoft Visual Studio Solution File, Format Version 12.00
# Visual Studio Version 17
VisualStudioVersion = 17.5.002.0
MinimumVisualStudioVersion = 10.0.40219.1
Project("{9A19103F-16F7-4668-BE54-9A1E7A4F7556}") = "Example", "Example.csproj", "{16B2DECF-0534-4A08-8601-530E6283BC60}"
EndProject
Global
	GlobalSection(SolutionConfigurationPlatforms) = preSolution
		Debug|Any CPU = Debug|Any CPU
		Release|Any CPU = Release|Any CPU
	EndGlobalSection
	GlobalSection(ProjectConfigurationPlatforms) = postSolution
		{16B2DECF-0534-4A08-8601-530E6283BC60}.Debug|Any CPU.ActiveCfg = Debug|Any CPU
		{16B2DECF-0534-4A08-8601-530E6283BC60}.Debug|Any CPU.Build.0 = Debug|Any CPU
		{16B2DECF-0534-4A08-8601-530E6283BC60}.Release|Any CPU.ActiveCfg = Release|Any CPU
		{16B2DECF-0534-4A08-8601-530E6283BC60}.Release|Any CPU.Build.0 = Release|Any CPU
	EndGlobalSection
	GlobalSection(SolutionProperties) = preSolution
		HideSolutionNode = FALSE
	EndGlobalSection
	GlobalSection(ExtensibilityGlobals) = postSolution
		SolutionGuid = {95F8C7F0-6344-449B-8B09-F7F7E1E61DE5}
	EndGlobalSection
EndGlobal
